
Microsoft Visual Studio Solution File, Format Version 12.00
# Visual Studio Version 17
VisualStudioVersion = 17.3.32901.215
MinimumVisualStudioVersion = 10.0.40219.1
Project("{FAE04EC0-301F-11D3-BF4B-00C04F79EFBC}") = "OOPSDemo236Batch", "OOPSDemo236Batch\OOPSDemo236Batch.csproj", "{95E5CE04-0CE3-429F-A272-908BF997FA64}"
EndProject
Global
	GlobalSection(SolutionConfigurationPlatforms) = preSolution
		Debug|Any CPU = Debug|Any CPU
		Release|Any CPU = Release|Any CPU
	EndGlobalSection
	GlobalSection(ProjectConfigurationPlatforms) = postSolution
		{95E5CE04-0CE3-429F-A272-908BF997FA64}.Debug|Any CPU.ActiveCfg = Debug|Any CPU
		{95E5CE04-0CE3-429F-A272-908BF997FA64}.Debug|Any CPU.Build.0 = Debug|Any CPU
		{95E5CE04-0CE3-429F-A272-908BF997FA64}.Release|Any CPU.ActiveCfg = Release|Any CPU
		{95E5CE04-0CE3-429F-A272-908BF997FA64}.Release|Any CPU.Build.0 = Release|Any CPU
	EndGlobalSection
	GlobalSection(SolutionProperties) = preSolution
		HideSolutionNode = FALSE
	EndGlobalSection
	GlobalSection(ExtensibilityGlobals) = postSolution
		SolutionGuid = {BB7506F3-DD38-4D0A-85C3-CA86FED066D0}
	EndGlobalSection
EndGlobal
